
Microsoft Visual Studio Solution File, Format Version 12.00
# Visual Studio 15
VisualStudioVersion = 15.0.27703.2018
MinimumVisualStudioVersion = 10.0.40219.1
Project("{9A19103F-16F7-4668-BE54-9A1E7A4F7556}") = "BouncyCastle_NetCore", "crypto\BouncyCastle_NetCore.csproj", "{3F4CEA8A-706B-41FA-A086-BF9DB3B1B55F}"
EndProject
Project("{2150E333-8FDC-42A3-9474-1A3956D46DE8}") = "Solutions items", "Solutions items", "{49244BA8-D812-4290-9360-F4E19982E52A}"
	ProjectSection(SolutionItems) = preProject
		BouncyCastle.snk = BouncyCastle.snk
	EndProjectSection
EndProject
Global
	GlobalSection(SolutionConfigurationPlatforms) = preSolution
		Debug|Any CPU = Debug|Any CPU
		Release|Any CPU = Release|Any CPU
	EndGlobalSection
	GlobalSection(ProjectConfigurationPlatforms) = postSolution
		{3F4CEA8A-706B-41FA-A086-BF9DB3B1B55F}.Debug|Any CPU.ActiveCfg = Debug|Any CPU
		{3F4CEA8A-706B-41FA-A086-BF9DB3B1B55F}.Debug|Any CPU.Build.0 = Debug|Any CPU
		{3F4CEA8A-706B-41FA-A086-BF9DB3B1B55F}.Release|Any CPU.ActiveCfg = Release|Any CPU
		{3F4CEA8A-706B-41FA-A086-BF9DB3B1B55F}.Release|Any CPU.Build.0 = Release|Any CPU
	EndGlobalSection
	GlobalSection(SolutionProperties) = preSolution
		HideSolutionNode = FALSE
	EndGlobalSection
	GlobalSection(ExtensibilityGlobals) = postSolution
		SolutionGuid = {74B04F15-D7C8-4D95-82F7-09F9383B4809}
	EndGlobalSection
EndGlobal
